// !$*UTF8*$!
{
	archiveVersion = 1;
	classes = {
	};
	objectVersion = 56;
	objects = {

/* Begin PBXBuildFile section */
		7C0697DC2B00ED2B006FF1B2 /* GlobeView.swift in Sources */ = {isa = PBXBuildFile; fileRef = 7C0697DB2B00ED2B006FF1B2 /* GlobeView.swift */; };
		7C0961D12AE9250C00471918 /* RealityKitContent in Frameworks */ = {isa = PBXBuildFile; productRef = 7C0961D02AE9250C00471918 /* RealityKitContent */; };
		7C0961D32AE9250C00471918 /* PaleoMapVisionProApp.swift in Sources */ = {isa = PBXBuildFile; fileRef = 7C0961D22AE9250C00471918 /* PaleoMapVisionProApp.swift */; };
		7C0961D52AE9250C00471918 /* ContentView.swift in Sources */ = {isa = PBXBuildFile; fileRef = 7C0961D42AE9250C00471918 /* ContentView.swift */; };
		7C0961D92AE9250C00471918 /* ImageBasedLighting.skybox in Resources */ = {isa = PBXBuildFile; fileRef = 7C0961D82AE9250C00471918 /* ImageBasedLighting.skybox */; };
		7C0961DB2AE9250D00471918 /* Assets.xcassets in Resources */ = {isa = PBXBuildFile; fileRef = 7C0961DA2AE9250D00471918 /* Assets.xcassets */; };
		7C0961DE2AE9250D00471918 /* Preview Assets.xcassets in Resources */ = {isa = PBXBuildFile; fileRef = 7C0961DD2AE9250D00471918 /* Preview Assets.xcassets */; };
		7C0961EA2AE92ADA00471918 /* MapViewModel.swift in Sources */ = {isa = PBXBuildFile; fileRef = 7C0961E92AE92ADA00471918 /* MapViewModel.swift */; };
		7C0961EE2AE92AE500471918 /* Phylum.swift in Sources */ = {isa = PBXBuildFile; fileRef = 7C0961ED2AE92AE500471918 /* Phylum.swift */; };
		7C0961F02AE92AE900471918 /* Record.swift in Sources */ = {isa = PBXBuildFile; fileRef = 7C0961EF2AE92AE900471918 /* Record.swift */; };
		7C0961F22AE92AF000471918 /* RecordSelectModel.swift in Sources */ = {isa = PBXBuildFile; fileRef = 7C0961F12AE92AF000471918 /* RecordSelectModel.swift */; };
		7C0961F62AE92B1C00471918 /* SQLite in Frameworks */ = {isa = PBXBuildFile; productRef = 7C0961F52AE92B1C00471918 /* SQLite */; };
		7C0961FA2AE92B5400471918 /* MapView.swift in Sources */ = {isa = PBXBuildFile; fileRef = 7C0961F92AE92B5400471918 /* MapView.swift */; };
		7C0961FC2AE92B5700471918 /* RecordCard.swift in Sources */ = {isa = PBXBuildFile; fileRef = 7C0961FB2AE92B5700471918 /* RecordCard.swift */; };
		7C0961FE2AE92B5B00471918 /* ImageCell.swift in Sources */ = {isa = PBXBuildFile; fileRef = 7C0961FD2AE92B5B00471918 /* ImageCell.swift */; };
		7C0962032AE92B6B00471918 /* FilterView.swift in Sources */ = {isa = PBXBuildFile; fileRef = 7C0962002AE92B6B00471918 /* FilterView.swift */; };
		7C0962042AE92B6B00471918 /* PhylumToggle.swift in Sources */ = {isa = PBXBuildFile; fileRef = 7C0962012AE92B6B00471918 /* PhylumToggle.swift */; };
		7C0962072AE92BFC00471918 /* ModelData.swift in Sources */ = {isa = PBXBuildFile; fileRef = 7C0962062AE92BFC00471918 /* ModelData.swift */; };
		7C09620B2AE92D0100471918 /* db.sqlite in Resources */ = {isa = PBXBuildFile; fileRef = 7C0962092AE92D0100471918 /* db.sqlite */; };
		7C09620C2AE92D0100471918 /* dbsqlitePlaceholder.txt in Resources */ = {isa = PBXBuildFile; fileRef = 7C09620A2AE92D0100471918 /* dbsqlitePlaceholder.txt */; };
		7C0B478F2B0B578B004462C2 /* Trie.swift in Sources */ = {isa = PBXBuildFile; fileRef = 7C0B478E2B0B578B004462C2 /* Trie.swift */; };
		7C0B47912B0B6977004462C2 /* trieData.json in Resources */ = {isa = PBXBuildFile; fileRef = 7C0B47902B0B6977004462C2 /* trieData.json */; };
		7C3D66C02B37EBB900F4BC35 /* RecordRow.swift in Sources */ = {isa = PBXBuildFile; fileRef = 7C3D66BF2B37EBB900F4BC35 /* RecordRow.swift */; };
		7C3D66C32B37EF0300F4BC35 /* CachedAsyncImage.swift in Sources */ = {isa = PBXBuildFile; fileRef = 7C3D66C22B37EF0300F4BC35 /* CachedAsyncImage.swift */; };
		7CC8506F2B09E4FD0092D703 /* SearchView.swift in Sources */ = {isa = PBXBuildFile; fileRef = 7CC8506E2B09E4FD0092D703 /* SearchView.swift */; };
		7CC850722B09EAF90092D703 /* SearchBar.swift in Sources */ = {isa = PBXBuildFile; fileRef = 7CC850712B09EAF90092D703 /* SearchBar.swift */; };
		7CC850742B09F3350092D703 /* SearchModel.swift in Sources */ = {isa = PBXBuildFile; fileRef = 7CC850732B09F3350092D703 /* SearchModel.swift */; };
		7CC850782B0A13510092D703 /* LookAroundService.swift in Sources */ = {isa = PBXBuildFile; fileRef = 7CC850772B0A13510092D703 /* LookAroundService.swift */; };
/* End PBXBuildFile section */

/* Begin PBXFileReference section */
		7C0697DB2B00ED2B006FF1B2 /* GlobeView.swift */ = {isa = PBXFileReference; lastKnownFileType = sourcecode.swift; path = GlobeView.swift; sourceTree = "<group>"; };
		7C0961CB2AE9250C00471918 /* PaleoMapVisionPro.app */ = {isa = PBXFileReference; explicitFileType = wrapper.application; includeInIndex = 0; path = PaleoMapVisionPro.app; sourceTree = BUILT_PRODUCTS_DIR; };
		7C0961CF2AE9250C00471918 /* RealityKitContent */ = {isa = PBXFileReference; lastKnownFileType = wrapper; path = RealityKitContent; sourceTree = "<group>"; };
		7C0961D22AE9250C00471918 /* PaleoMapVisionProApp.swift */ = {isa = PBXFileReference; lastKnownFileType = sourcecode.swift; path = PaleoMapVisionProApp.swift; sourceTree = "<group>"; };
		7C0961D42AE9250C00471918 /* ContentView.swift */ = {isa = PBXFileReference; lastKnownFileType = sourcecode.swift; path = ContentView.swift; sourceTree = "<group>"; };
		7C0961D82AE9250C00471918 /* ImageBasedLighting.skybox */ = {isa = PBXFileReference; lastKnownFileType = file.skybox; path = ImageBasedLighting.skybox; sourceTree = "<group>"; };
		7C0961DA2AE9250D00471918 /* Assets.xcassets */ = {isa = PBXFileReference; lastKnownFileType = folder.assetcatalog; path = Assets.xcassets; sourceTree = "<group>"; };
		7C0961DD2AE9250D00471918 /* Preview Assets.xcassets */ = {isa = PBXFileReference; lastKnownFileType = folder.assetcatalog; path = "Preview Assets.xcassets"; sourceTree = "<group>"; };
		7C0961DF2AE9250D00471918 /* Info.plist */ = {isa = PBXFileReference; lastKnownFileType = text.plist.xml; path = Info.plist; sourceTree = "<group>"; };
		7C0961E92AE92ADA00471918 /* MapViewModel.swift */ = {isa = PBXFileReference; fileEncoding = 4; lastKnownFileType = sourcecode.swift; path = MapViewModel.swift; sourceTree = "<group>"; };
		7C0961ED2AE92AE500471918 /* Phylum.swift */ = {isa = PBXFileReference; fileEncoding = 4; lastKnownFileType = sourcecode.swift; path = Phylum.swift; sourceTree = "<group>"; };
		7C0961EF2AE92AE900471918 /* Record.swift */ = {isa = PBXFileReference; fileEncoding = 4; lastKnownFileType = sourcecode.swift; path = Record.swift; sourceTree = "<group>"; };
		7C0961F12AE92AF000471918 /* RecordSelectModel.swift */ = {isa = PBXFileReference; fileEncoding = 4; lastKnownFileType = sourcecode.swift; path = RecordSelectModel.swift; sourceTree = "<group>"; };
		7C0961F92AE92B5400471918 /* MapView.swift */ = {isa = PBXFileReference; fileEncoding = 4; lastKnownFileType = sourcecode.swift; path = MapView.swift; sourceTree = "<group>"; };
		7C0961FB2AE92B5700471918 /* RecordCard.swift */ = {isa = PBXFileReference; fileEncoding = 4; lastKnownFileType = sourcecode.swift; path = RecordCard.swift; sourceTree = "<group>"; };
		7C0961FD2AE92B5B00471918 /* ImageCell.swift */ = {isa = PBXFileReference; fileEncoding = 4; lastKnownFileType = sourcecode.swift; path = ImageCell.swift; sourceTree = "<group>"; };
		7C0962002AE92B6B00471918 /* FilterView.swift */ = {isa = PBXFileReference; fileEncoding = 4; lastKnownFileType = sourcecode.swift; path = FilterView.swift; sourceTree = "<group>"; };
		7C0962012AE92B6B00471918 /* PhylumToggle.swift */ = {isa = PBXFileReference; fileEncoding = 4; lastKnownFileType = sourcecode.swift; path = PhylumToggle.swift; sourceTree = "<group>"; };
		7C0962062AE92BFC00471918 /* ModelData.swift */ = {isa = PBXFileReference; fileEncoding = 4; lastKnownFileType = sourcecode.swift; path = ModelData.swift; sourceTree = "<group>"; };
		7C0962092AE92D0100471918 /* db.sqlite */ = {isa = PBXFileReference; lastKnownFileType = file; path = db.sqlite; sourceTree = "<group>"; };
		7C09620A2AE92D0100471918 /* dbsqlitePlaceholder.txt */ = {isa = PBXFileReference; fileEncoding = 4; lastKnownFileType = text; path = dbsqlitePlaceholder.txt; sourceTree = "<group>"; };
		7C0B478E2B0B578B004462C2 /* Trie.swift */ = {isa = PBXFileReference; lastKnownFileType = sourcecode.swift; path = Trie.swift; sourceTree = "<group>"; };
		7C0B47902B0B6977004462C2 /* trieData.json */ = {isa = PBXFileReference; fileEncoding = 4; lastKnownFileType = text.json; path = trieData.json; sourceTree = "<group>"; };
		7C3D66BF2B37EBB900F4BC35 /* RecordRow.swift */ = {isa = PBXFileReference; lastKnownFileType = sourcecode.swift; path = RecordRow.swift; sourceTree = "<group>"; };
		7C3D66C22B37EF0300F4BC35 /* CachedAsyncImage.swift */ = {isa = PBXFileReference; lastKnownFileType = sourcecode.swift; path = CachedAsyncImage.swift; sourceTree = "<group>"; };
		7CC8506E2B09E4FD0092D703 /* SearchView.swift */ = {isa = PBXFileReference; lastKnownFileType = sourcecode.swift; path = SearchView.swift; sourceTree = "<group>"; };
		7CC850712B09EAF90092D703 /* SearchBar.swift */ = {isa = PBXFileReference; lastKnownFileType = sourcecode.swift; path = SearchBar.swift; sourceTree = "<group>"; };
		7CC850732B09F3350092D703 /* SearchModel.swift */ = {isa = PBXFileReference; lastKnownFileType = sourcecode.swift; path = SearchModel.swift; sourceTree = "<group>"; };
		7CC850772B0A13510092D703 /* LookAroundService.swift */ = {isa = PBXFileReference; lastKnownFileType = sourcecode.swift; path = LookAroundService.swift; sourceTree = "<group>"; };
/* End PBXFileReference section */

/* Begin PBXFrameworksBuildPhase section */
		7C0961C82AE9250C00471918 /* Frameworks */ = {
			isa = PBXFrameworksBuildPhase;
			buildActionMask = 2147483647;
			files = (
				7C0961F62AE92B1C00471918 /* SQLite in Frameworks */,
				7C0961D12AE9250C00471918 /* RealityKitContent in Frameworks */,
			);
			runOnlyForDeploymentPostprocessing = 0;
		};
/* End PBXFrameworksBuildPhase section */

/* Begin PBXGroup section */
		7C0961C22AE9250C00471918 = {
			isa = PBXGroup;
			children = (
				7C0961CD2AE9250C00471918 /* PaleoMapVisionPro */,
				7C0961CE2AE9250C00471918 /* Packages */,
				7C0961CC2AE9250C00471918 /* Products */,
			);
			sourceTree = "<group>";
		};
		7C0961CC2AE9250C00471918 /* Products */ = {
			isa = PBXGroup;
			children = (
				7C0961CB2AE9250C00471918 /* PaleoMapVisionPro.app */,
			);
			name = Products;
			sourceTree = "<group>";
		};
		7C0961CD2AE9250C00471918 /* PaleoMapVisionPro */ = {
			isa = PBXGroup;
			children = (
				7C0961D22AE9250C00471918 /* PaleoMapVisionProApp.swift */,
				7C0961F72AE92B3600471918 /* Views */,
				7C3D66C12B37EEEE00F4BC35 /* Helpers */,
				7C30D5492B04D2450000FB97 /* Extensions */,
				7C0B478D2B0B4A29004462C2 /* Services */,
				7C0961E82AE92A9F00471918 /* Models */,
				7C0962082AE92CEE00471918 /* Resources */,
				7C0961D82AE9250C00471918 /* ImageBasedLighting.skybox */,
				7C0961DA2AE9250D00471918 /* Assets.xcassets */,
				7C0961DF2AE9250D00471918 /* Info.plist */,
				7C0961DC2AE9250D00471918 /* Preview Content */,
			);
			path = PaleoMapVisionPro;
			sourceTree = "<group>";
		};
		7C0961CE2AE9250C00471918 /* Packages */ = {
			isa = PBXGroup;
			children = (
				7C0961CF2AE9250C00471918 /* RealityKitContent */,
			);
			path = Packages;
			sourceTree = "<group>";
		};
		7C0961DC2AE9250D00471918 /* Preview Content */ = {
			isa = PBXGroup;
			children = (
				7C0961DD2AE9250D00471918 /* Preview Assets.xcassets */,
			);
			path = "Preview Content";
			sourceTree = "<group>";
		};
		7C0961E82AE92A9F00471918 /* Models */ = {
			isa = PBXGroup;
			children = (
				7C0961E92AE92ADA00471918 /* MapViewModel.swift */,
				7C0962062AE92BFC00471918 /* ModelData.swift */,
				7C0961F12AE92AF000471918 /* RecordSelectModel.swift */,
				7CC850732B09F3350092D703 /* SearchModel.swift */,
				7C0961ED2AE92AE500471918 /* Phylum.swift */,
				7C0961EF2AE92AE900471918 /* Record.swift */,
				7C0B478E2B0B578B004462C2 /* Trie.swift */,
			);
			path = Models;
			sourceTree = "<group>";
		};
		7C0961F72AE92B3600471918 /* Views */ = {
			isa = PBXGroup;
			children = (
				7C0961D42AE9250C00471918 /* ContentView.swift */,
				7CC850702B09E6890092D703 /* Search */,
				7C0961FF2AE92B6B00471918 /* Filter */,
				7C0961F82AE92B3E00471918 /* Map */,
			);
			path = Views;
			sourceTree = "<group>";
		};
		7C0961F82AE92B3E00471918 /* Map */ = {
			isa = PBXGroup;
			children = (
				7C0961F92AE92B5400471918 /* MapView.swift */,
				7C0961FB2AE92B5700471918 /* RecordCard.swift */,
				7C0961FD2AE92B5B00471918 /* ImageCell.swift */,
				7C0697DB2B00ED2B006FF1B2 /* GlobeView.swift */,
			);
			path = Map;
			sourceTree = "<group>";
		};
		7C0961FF2AE92B6B00471918 /* Filter */ = {
			isa = PBXGroup;
			children = (
				7C0962002AE92B6B00471918 /* FilterView.swift */,
				7C0962012AE92B6B00471918 /* PhylumToggle.swift */,
			);
			path = Filter;
			sourceTree = "<group>";
		};
		7C0962082AE92CEE00471918 /* Resources */ = {
			isa = PBXGroup;
			children = (
				7C0B47902B0B6977004462C2 /* trieData.json */,
				7C0962092AE92D0100471918 /* db.sqlite */,
				7C09620A2AE92D0100471918 /* dbsqlitePlaceholder.txt */,
			);
			path = Resources;
			sourceTree = "<group>";
		};
		7C0B478D2B0B4A29004462C2 /* Services */ = {
			isa = PBXGroup;
			children = (
				7CC850772B0A13510092D703 /* LookAroundService.swift */,
			);
			path = Services;
			sourceTree = "<group>";
		};
		7C30D5492B04D2450000FB97 /* Extensions */ = {
			isa = PBXGroup;
			children = (
			);
			path = Extensions;
			sourceTree = "<group>";
		};
		7C3D66C12B37EEEE00F4BC35 /* Helpers */ = {
			isa = PBXGroup;
			children = (
				7C3D66C22B37EF0300F4BC35 /* CachedAsyncImage.swift */,
			);
			path = Helpers;
			sourceTree = "<group>";
		};
		7CC850702B09E6890092D703 /* Search */ = {
			isa = PBXGroup;
			children = (
				7CC8506E2B09E4FD0092D703 /* SearchView.swift */,
				7C3D66BF2B37EBB900F4BC35 /* RecordRow.swift */,
				7CC850712B09EAF90092D703 /* SearchBar.swift */,
			);
			path = Search;
			sourceTree = "<group>";
		};
/* End PBXGroup section */

/* Begin PBXNativeTarget section */
		7C0961CA2AE9250C00471918 /* PaleoMapVisionPro */ = {
			isa = PBXNativeTarget;
			buildConfigurationList = 7C0961E22AE9250D00471918 /* Build configuration list for PBXNativeTarget "PaleoMapVisionPro" */;
			buildPhases = (
				7C0961C72AE9250C00471918 /* Sources */,
				7C0961C82AE9250C00471918 /* Frameworks */,
				7C0961C92AE9250C00471918 /* Resources */,
			);
			buildRules = (
			);
			dependencies = (
			);
			name = PaleoMapVisionPro;
			packageProductDependencies = (
				7C0961D02AE9250C00471918 /* RealityKitContent */,
				7C0961F52AE92B1C00471918 /* SQLite */,
			);
			productName = PaleoMapVisionPro;
			productReference = 7C0961CB2AE9250C00471918 /* PaleoMapVisionPro.app */;
			productType = "com.apple.product-type.application";
		};
/* End PBXNativeTarget section */

/* Begin PBXProject section */
		7C0961C32AE9250C00471918 /* Project object */ = {
			isa = PBXProject;
			attributes = {
				BuildIndependentTargetsInParallel = 1;
				LastSwiftUpdateCheck = 1510;
				LastUpgradeCheck = 1510;
				TargetAttributes = {
					7C0961CA2AE9250C00471918 = {
						CreatedOnToolsVersion = 15.1;
					};
				};
			};
			buildConfigurationList = 7C0961C62AE9250C00471918 /* Build configuration list for PBXProject "PaleoMapVisionPro" */;
			compatibilityVersion = "Xcode 14.0";
			developmentRegion = en;
			hasScannedForEncodings = 0;
			knownRegions = (
				en,
				Base,
			);
			mainGroup = 7C0961C22AE9250C00471918;
			packageReferences = (
				7C0961F42AE92B1C00471918 /* XCRemoteSwiftPackageReference "SQLite" */,
			);
			productRefGroup = 7C0961CC2AE9250C00471918 /* Products */;
			projectDirPath = "";
			projectRoot = "";
			targets = (
				7C0961CA2AE9250C00471918 /* PaleoMapVisionPro */,
			);
		};
/* End PBXProject section */

/* Begin PBXResourcesBuildPhase section */
		7C0961C92AE9250C00471918 /* Resources */ = {
			isa = PBXResourcesBuildPhase;
			buildActionMask = 2147483647;
			files = (
				7C0961DB2AE9250D00471918 /* Assets.xcassets in Resources */,
				7C09620C2AE92D0100471918 /* dbsqlitePlaceholder.txt in Resources */,
				7C0961DE2AE9250D00471918 /* Preview Assets.xcassets in Resources */,
				7C0B47912B0B6977004462C2 /* trieData.json in Resources */,
				7C0961D92AE9250C00471918 /* ImageBasedLighting.skybox in Resources */,
				7C09620B2AE92D0100471918 /* db.sqlite in Resources */,
			);
			runOnlyForDeploymentPostprocessing = 0;
		};
/* End PBXResourcesBuildPhase section */

/* Begin PBXSourcesBuildPhase section */
		7C0961C72AE9250C00471918 /* Sources */ = {
			isa = PBXSourcesBuildPhase;
			buildActionMask = 2147483647;
			files = (
				7C0962032AE92B6B00471918 /* FilterView.swift in Sources */,
				7C0961F22AE92AF000471918 /* RecordSelectModel.swift in Sources */,
				7C0961D52AE9250C00471918 /* ContentView.swift in Sources */,
				7C0961EA2AE92ADA00471918 /* MapViewModel.swift in Sources */,
				7C0962072AE92BFC00471918 /* ModelData.swift in Sources */,
				7C3D66C32B37EF0300F4BC35 /* CachedAsyncImage.swift in Sources */,
				7CC8506F2B09E4FD0092D703 /* SearchView.swift in Sources */,
				7C0697DC2B00ED2B006FF1B2 /* GlobeView.swift in Sources */,
				7C0961D32AE9250C00471918 /* PaleoMapVisionProApp.swift in Sources */,
				7CC850742B09F3350092D703 /* SearchModel.swift in Sources */,
				7CC850782B0A13510092D703 /* LookAroundService.swift in Sources */,
				7C0962042AE92B6B00471918 /* PhylumToggle.swift in Sources */,
				7CC850722B09EAF90092D703 /* SearchBar.swift in Sources */,
				7C3D66C02B37EBB900F4BC35 /* RecordRow.swift in Sources */,
				7C0961FE2AE92B5B00471918 /* ImageCell.swift in Sources */,
				7C0961FA2AE92B5400471918 /* MapView.swift in Sources */,
				7C0961FC2AE92B5700471918 /* RecordCard.swift in Sources */,
				7C0961F02AE92AE900471918 /* Record.swift in Sources */,
				7C0961EE2AE92AE500471918 /* Phylum.swift in Sources */,
				7C0B478F2B0B578B004462C2 /* Trie.swift in Sources */,
			);
			runOnlyForDeploymentPostprocessing = 0;
		};
/* End PBXSourcesBuildPhase section */

/* Begin XCBuildConfiguration section */
		7C0961E02AE9250D00471918 /* Debug */ = {
			isa = XCBuildConfiguration;
			buildSettings = {
				ALWAYS_SEARCH_USER_PATHS = NO;
				ASSETCATALOG_COMPILER_GENERATE_SWIFT_ASSET_SYMBOL_EXTENSIONS = YES;
				CLANG_ANALYZER_NONNULL = YES;
				CLANG_ANALYZER_NUMBER_OBJECT_CONVERSION = YES_AGGRESSIVE;
				CLANG_CXX_LANGUAGE_STANDARD = "gnu++20";
				CLANG_ENABLE_MODULES = YES;
				CLANG_ENABLE_OBJC_ARC = YES;
				CLANG_ENABLE_OBJC_WEAK = YES;
				CLANG_WARN_BLOCK_CAPTURE_AUTORELEASING = YES;
				CLANG_WARN_BOOL_CONVERSION = YES;
				CLANG_WARN_COMMA = YES;
				CLANG_WARN_CONSTANT_CONVERSION = YES;
				CLANG_WARN_DEPRECATED_OBJC_IMPLEMENTATIONS = YES;
				CLANG_WARN_DIRECT_OBJC_ISA_USAGE = YES_ERROR;
				CLANG_WARN_DOCUMENTATION_COMMENTS = YES;
				CLANG_WARN_EMPTY_BODY = YES;
				CLANG_WARN_ENUM_CONVERSION = YES;
				CLANG_WARN_INFINITE_RECURSION = YES;
				CLANG_WARN_INT_CONVERSION = YES;
				CLANG_WARN_NON_LITERAL_NULL_CONVERSION = YES;
				CLANG_WARN_OBJC_IMPLICIT_RETAIN_SELF = YES;
				CLANG_WARN_OBJC_LITERAL_CONVERSION = YES;
				CLANG_WARN_OBJC_ROOT_CLASS = YES_ERROR;
				CLANG_WARN_QUOTED_INCLUDE_IN_FRAMEWORK_HEADER = YES;
				CLANG_WARN_RANGE_LOOP_ANALYSIS = YES;
				CLANG_WARN_STRICT_PROTOTYPES = YES;
				CLANG_WARN_SUSPICIOUS_MOVE = YES;
				CLANG_WARN_UNGUARDED_AVAILABILITY = YES_AGGRESSIVE;
				CLANG_WARN_UNREACHABLE_CODE = YES;
				CLANG_WARN__DUPLICATE_METHOD_MATCH = YES;
				COPY_PHASE_STRIP = NO;
				DEBUG_INFORMATION_FORMAT = dwarf;
				ENABLE_STRICT_OBJC_MSGSEND = YES;
				ENABLE_TESTABILITY = YES;
				ENABLE_USER_SCRIPT_SANDBOXING = YES;
				GCC_C_LANGUAGE_STANDARD = gnu17;
				GCC_DYNAMIC_NO_PIC = NO;
				GCC_NO_COMMON_BLOCKS = YES;
				GCC_OPTIMIZATION_LEVEL = 0;
				GCC_PREPROCESSOR_DEFINITIONS = (
					"DEBUG=1",
					"$(inherited)",
				);
				GCC_WARN_64_TO_32_BIT_CONVERSION = YES;
				GCC_WARN_ABOUT_RETURN_TYPE = YES_ERROR;
				GCC_WARN_UNDECLARED_SELECTOR = YES;
				GCC_WARN_UNINITIALIZED_AUTOS = YES_AGGRESSIVE;
				GCC_WARN_UNUSED_FUNCTION = YES;
				GCC_WARN_UNUSED_VARIABLE = YES;
				LOCALIZATION_PREFERS_STRING_CATALOGS = YES;
				MTL_ENABLE_DEBUG_INFO = INCLUDE_SOURCE;
				MTL_FAST_MATH = YES;
				ONLY_ACTIVE_ARCH = YES;
				SDKROOT = xros;
				SWIFT_ACTIVE_COMPILATION_CONDITIONS = "DEBUG $(inherited)";
				SWIFT_OPTIMIZATION_LEVEL = "-Onone";
				XROS_DEPLOYMENT_TARGET = 1.0;
			};
			name = Debug;
		};
		7C0961E12AE9250D00471918 /* Release */ = {
			isa = XCBuildConfiguration;
			buildSettings = {
				ALWAYS_SEARCH_USER_PATHS = NO;
				ASSETCATALOG_COMPILER_GENERATE_SWIFT_ASSET_SYMBOL_EXTENSIONS = YES;
				CLANG_ANALYZER_NONNULL = YES;
				CLANG_ANALYZER_NUMBER_OBJECT_CONVERSION = YES_AGGRESSIVE;
				CLANG_CXX_LANGUAGE_STANDARD = "gnu++20";
				CLANG_ENABLE_MODULES = YES;
				CLANG_ENABLE_OBJC_ARC = YES;
				CLANG_ENABLE_OBJC_WEAK = YES;
				CLANG_WARN_BLOCK_CAPTURE_AUTORELEASING = YES;
				CLANG_WARN_BOOL_CONVERSION = YES;
				CLANG_WARN_COMMA = YES;
				CLANG_WARN_CONSTANT_CONVERSION = YES;
				CLANG_WARN_DEPRECATED_OBJC_IMPLEMENTATIONS = YES;
				CLANG_WARN_DIRECT_OBJC_ISA_USAGE = YES_ERROR;
				CLANG_WARN_DOCUMENTATION_COMMENTS = YES;
				CLANG_WARN_EMPTY_BODY = YES;
				CLANG_WARN_ENUM_CONVERSION = YES;
				CLANG_WARN_INFINITE_RECURSION = YES;
				CLANG_WARN_INT_CONVERSION = YES;
				CLANG_WARN_NON_LITERAL_NULL_CONVERSION = YES;
				CLANG_WARN_OBJC_IMPLICIT_RETAIN_SELF = YES;
				CLANG_WARN_OBJC_LITERAL_CONVERSION = YES;
				CLANG_WARN_OBJC_ROOT_CLASS = YES_ERROR;
				CLANG_WARN_QUOTED_INCLUDE_IN_FRAMEWORK_HEADER = YES;
				CLANG_WARN_RANGE_LOOP_ANALYSIS = YES;
				CLANG_WARN_STRICT_PROTOTYPES = YES;
				CLANG_WARN_SUSPICIOUS_MOVE = YES;
				CLANG_WARN_UNGUARDED_AVAILABILITY = YES_AGGRESSIVE;
				CLANG_WARN_UNREACHABLE_CODE = YES;
				CLANG_WARN__DUPLICATE_METHOD_MATCH = YES;
				COPY_PHASE_STRIP = NO;
				DEBUG_INFORMATION_FORMAT = "dwarf-with-dsym";
				ENABLE_NS_ASSERTIONS = NO;
				ENABLE_STRICT_OBJC_MSGSEND = YES;
				ENABLE_USER_SCRIPT_SANDBOXING = YES;
				GCC_C_LANGUAGE_STANDARD = gnu17;
				GCC_NO_COMMON_BLOCKS = YES;
				GCC_WARN_64_TO_32_BIT_CONVERSION = YES;
				GCC_WARN_ABOUT_RETURN_TYPE = YES_ERROR;
				GCC_WARN_UNDECLARED_SELECTOR = YES;
				GCC_WARN_UNINITIALIZED_AUTOS = YES_AGGRESSIVE;
				GCC_WARN_UNUSED_FUNCTION = YES;
				GCC_WARN_UNUSED_VARIABLE = YES;
				LOCALIZATION_PREFERS_STRING_CATALOGS = YES;
				MTL_ENABLE_DEBUG_INFO = NO;
				MTL_FAST_MATH = YES;
				SDKROOT = xros;
				SWIFT_COMPILATION_MODE = wholemodule;
				VALIDATE_PRODUCT = YES;
				XROS_DEPLOYMENT_TARGET = 1.0;
			};
			name = Release;
		};
		7C0961E32AE9250D00471918 /* Debug */ = {
			isa = XCBuildConfiguration;
			buildSettings = {
				ASSETCATALOG_COMPILER_APPICON_NAME = AppIcon;
				ASSETCATALOG_COMPILER_GLOBAL_ACCENT_COLOR_NAME = AccentColor;
				CODE_SIGN_STYLE = Automatic;
				CURRENT_PROJECT_VERSION = 2;
				DEVELOPMENT_ASSET_PATHS = "\"PaleoMapVisionPro/Preview Content\"";
				DEVELOPMENT_TEAM = 8K2MUTPRQQ;
				ENABLE_PREVIEWS = YES;
				GENERATE_INFOPLIST_FILE = YES;
				INFOPLIST_FILE = "$(TARGET_NAME)/Info.plist";
				INFOPLIST_KEY_CFBundleDisplayName = PaleoMap;
				INFOPLIST_KEY_LSApplicationCategoryType = "public.app-category.education";
				INFOPLIST_KEY_NSLocationAlwaysAndWhenInUseUsageDescription = "Turning on location services allows us to show you nearby biodiversity collections.";
				INFOPLIST_KEY_NSLocationAlwaysUsageDescription = "Turning on location services allows us to show you nearby biodiversity collections.";
				INFOPLIST_KEY_NSLocationWhenInUseUsageDescription = "Turning on location services allows us to show you nearby biodiversity collections.";
				LD_RUNPATH_SEARCH_PATHS = (
					"$(inherited)",
					"@executable_path/Frameworks",
				);
				MARKETING_VERSION = 1.0.1;
				PRODUCT_BUNDLE_IDENTIFIER = com.jz.PaleoMapVisionPro;
				PRODUCT_NAME = "$(TARGET_NAME)";
				SUPPORTED_PLATFORMS = "xros xrsimulator";
				SWIFT_EMIT_LOC_STRINGS = YES;
				SWIFT_VERSION = 5.0;
				TARGETED_DEVICE_FAMILY = "1,2,7";
			};
			name = Debug;
		};
		7C0961E42AE9250D00471918 /* Release */ = {
			isa = XCBuildConfiguration;
			buildSettings = {
				ASSETCATALOG_COMPILER_APPICON_NAME = AppIcon;
				ASSETCATALOG_COMPILER_GLOBAL_ACCENT_COLOR_NAME = AccentColor;
				CODE_SIGN_STYLE = Automatic;
				CURRENT_PROJECT_VERSION = 2;
				DEVELOPMENT_ASSET_PATHS = "\"PaleoMapVisionPro/Preview Content\"";
				DEVELOPMENT_TEAM = 8K2MUTPRQQ;
				ENABLE_PREVIEWS = YES;
				GENERATE_INFOPLIST_FILE = YES;
				INFOPLIST_FILE = "$(TARGET_NAME)/Info.plist";
				INFOPLIST_KEY_CFBundleDisplayName = PaleoMap;
				INFOPLIST_KEY_LSApplicationCategoryType = "public.app-category.education";
				INFOPLIST_KEY_NSLocationAlwaysAndWhenInUseUsageDescription = "Turning on location services allows us to show you nearby biodiversity collections.";
				INFOPLIST_KEY_NSLocationAlwaysUsageDescription = "Turning on location services allows us to show you nearby biodiversity collections.";
				INFOPLIST_KEY_NSLocationWhenInUseUsageDescription = "Turning on location services allows us to show you nearby biodiversity collections.";
				LD_RUNPATH_SEARCH_PATHS = (
					"$(inherited)",
					"@executable_path/Frameworks",
				);
				MARKETING_VERSION = 1.0.1;
				PRODUCT_BUNDLE_IDENTIFIER = com.jz.PaleoMapVisionPro;
				PRODUCT_NAME = "$(TARGET_NAME)";
				SUPPORTED_PLATFORMS = "xros xrsimulator";
				SWIFT_EMIT_LOC_STRINGS = YES;
				SWIFT_VERSION = 5.0;
				TARGETED_DEVICE_FAMILY = "1,2,7";
			};
			name = Release;
		};
/* End XCBuildConfiguration section */

/* Begin XCConfigurationList section */
		7C0961C62AE9250C00471918 /* Build configuration list for PBXProject "PaleoMapVisionPro" */ = {
			isa = XCConfigurationList;
			buildConfigurations = (
				7C0961E02AE9250D00471918 /* Debug */,
				7C0961E12AE9250D00471918 /* Release */,
			);
			defaultConfigurationIsVisible = 0;
			defaultConfigurationName = Release;
		};
		7C0961E22AE9250D00471918 /* Build configuration list for PBXNativeTarget "PaleoMapVisionPro" */ = {
			isa = XCConfigurationList;
			buildConfigurations = (
				7C0961E32AE9250D00471918 /* Debug */,
				7C0961E42AE9250D00471918 /* Release */,
			);
			defaultConfigurationIsVisible = 0;
			defaultConfigurationName = Release;
		};
/* End XCConfigurationList section */

/* Begin XCRemoteSwiftPackageReference section */
		7C0961F42AE92B1C00471918 /* XCRemoteSwiftPackageReference "SQLite" */ = {
			isa = XCRemoteSwiftPackageReference;
			repositoryURL = "https://github.com/stephencelis/SQLite.swift";
			requirement = {
				kind = upToNextMajorVersion;
				minimumVersion = 0.14.1;
			};
		};
/* End XCRemoteSwiftPackageReference section */

/* Begin XCSwiftPackageProductDependency section */
		7C0961D02AE9250C00471918 /* RealityKitContent */ = {
			isa = XCSwiftPackageProductDependency;
			productName = RealityKitContent;
		};
		7C0961F52AE92B1C00471918 /* SQLite */ = {
			isa = XCSwiftPackageProductDependency;
			package = 7C0961F42AE92B1C00471918 /* XCRemoteSwiftPackageReference "SQLite" */;
			productName = SQLite;
		};
/* End XCSwiftPackageProductDependency section */
	};
	rootObject = 7C0961C32AE9250C00471918 /* Project object */;
}
